// !$*UTF8*$!
{
	archiveVersion = 1;
	classes = {
	};
	objectVersion = 45;
	objects = {

/* Begin PBXBuildFile section */
		8DC2EF570486A6940098B216 /* Cocoa.framework in Frameworks */ = {isa = PBXBuildFile; fileRef = 1058C7B1FEA5585E11CA2CBB /* Cocoa.framework */; };
		94ADA842101D3185008CC640 /* AddressBook.framework in Frameworks */ = {isa = PBXBuildFile; fileRef = 94ADA840101D3185008CC640 /* AddressBook.framework */; };
		94ADA843101D3185008CC640 /* ExceptionHandling.framework in Frameworks */ = {isa = PBXBuildFile; fileRef = 94ADA841101D3185008CC640 /* ExceptionHandling.framework */; };
		94ADC08910237C83008CC640 /* SDNextRunloopProxy.h in Headers */ = {isa = PBXBuildFile; fileRef = 94ADC08710237C83008CC640 /* SDNextRunloopProxy.h */; settings = {ATTRIBUTES = (Public, ); }; };
		94ADC08A10237C83008CC640 /* SDNextRunloopProxy.m in Sources */ = {isa = PBXBuildFile; fileRef = 94ADC08810237C83008CC640 /* SDNextRunloopProxy.m */; };
		94BF877E1019654E002418F1 /* ExceptionWindow.xib in Resources */ = {isa = PBXBuildFile; fileRef = 94BF87771019654E002418F1 /* ExceptionWindow.xib */; };
		94BF877F1019654E002418F1 /* FeedbackWindow.xib in Resources */ = {isa = PBXBuildFile; fileRef = 94BF87781019654E002418F1 /* FeedbackWindow.xib */; };
		94BF87801019654E002418F1 /* InstructionsWindow.xib in Resources */ = {isa = PBXBuildFile; fileRef = 94BF87791019654E002418F1 /* InstructionsWindow.xib */; };
		94BF87821019654E002418F1 /* PreferencesWindow.xib in Resources */ = {isa = PBXBuildFile; fileRef = 94BF877B1019654E002418F1 /* PreferencesWindow.xib */; };
		94BF87C31019656C002418F1 /* NSApplication+AppInfo.h in Headers */ = {isa = PBXBuildFile; fileRef = 94BF87881019656C002418F1 /* NSApplication+AppInfo.h */; settings = {ATTRIBUTES = (Public, ); }; };
		94BF87C41019656C002418F1 /* NSApplication+AppInfo.m in Sources */ = {isa = PBXBuildFile; fileRef = 94BF87891019656C002418F1 /* NSApplication+AppInfo.m */; };
		94BF87C51019656C002418F1 /* NSArray+UsefulStuff.h in Headers */ = {isa = PBXBuildFile; fileRef = 94BF878A1019656C002418F1 /* NSArray+UsefulStuff.h */; settings = {ATTRIBUTES = (Public, ); }; };
		94BF87C61019656C002418F1 /* NSArray+UsefulStuff.m in Sources */ = {isa = PBXBuildFile; fileRef = 94BF878B1019656C002418F1 /* NSArray+UsefulStuff.m */; };
		94BF87C71019656C002418F1 /* NSManagedObject+SDAdditions.h in Headers */ = {isa = PBXBuildFile; fileRef = 94BF878C1019656C002418F1 /* NSManagedObject+SDAdditions.h */; settings = {ATTRIBUTES = (Public, ); }; };
		94BF87C81019656C002418F1 /* NSManagedObject+SDAdditions.m in Sources */ = {isa = PBXBuildFile; fileRef = 94BF878D1019656C002418F1 /* NSManagedObject+SDAdditions.m */; };
		94BF87C91019656C002418F1 /* NSString+PathAdditions.h in Headers */ = {isa = PBXBuildFile; fileRef = 94BF878E1019656C002418F1 /* NSString+PathAdditions.h */; settings = {ATTRIBUTES = (Public, ); }; };
		94BF87CA1019656C002418F1 /* NSString+PathAdditions.m in Sources */ = {isa = PBXBuildFile; fileRef = 94BF878F1019656C002418F1 /* NSString+PathAdditions.m */; };
		94BF87CB1019656C002418F1 /* NSString+URLAdditions.h in Headers */ = {isa = PBXBuildFile; fileRef = 94BF87901019656C002418F1 /* NSString+URLAdditions.h */; settings = {ATTRIBUTES = (Public, ); }; };
		94BF87CC1019656C002418F1 /* NSString+URLAdditions.m in Sources */ = {isa = PBXBuildFile; fileRef = 94BF87911019656C002418F1 /* NSString+URLAdditions.m */; };
		94BF87CD1019656C002418F1 /* NSString+UUID.h in Headers */ = {isa = PBXBuildFile; fileRef = 94BF87921019656C002418F1 /* NSString+UUID.h */; settings = {ATTRIBUTES = (Public, ); }; };
		94BF87CE1019656C002418F1 /* NSString+UUID.m in Sources */ = {isa = PBXBuildFile; fileRef = 94BF87931019656C002418F1 /* NSString+UUID.m */; };
		94BF87CF1019656C002418F1 /* NSWindow+Geometry.h in Headers */ = {isa = PBXBuildFile; fileRef = 94BF87941019656C002418F1 /* NSWindow+Geometry.h */; settings = {ATTRIBUTES = (Public, ); }; };
		94BF87D01019656C002418F1 /* NSWindow+Geometry.m in Sources */ = {isa = PBXBuildFile; fileRef = 94BF87951019656C002418F1 /* NSWindow+Geometry.m */; };
		94BF87D11019656C002418F1 /* NSWorkspace+SystemInfo.h in Headers */ = {isa = PBXBuildFile; fileRef = 94BF87961019656C002418F1 /* NSWorkspace+SystemInfo.h */; settings = {ATTRIBUTES = (Public, ); }; };
		94BF87D21019656C002418F1 /* NSWorkspace+SystemInfo.m in Sources */ = {isa = PBXBuildFile; fileRef = 94BF87971019656C002418F1 /* NSWorkspace+SystemInfo.m */; };
		94BF87D51019656C002418F1 /* SDCommonAppDelegate.h in Headers */ = {isa = PBXBuildFile; fileRef = 94BF879A1019656C002418F1 /* SDCommonAppDelegate.h */; settings = {ATTRIBUTES = (Public, ); }; };
		94BF87D61019656C002418F1 /* SDCommonAppDelegate.m in Sources */ = {isa = PBXBuildFile; fileRef = 94BF879B1019656C002418F1 /* SDCommonAppDelegate.m */; };
		94BF87D71019656C002418F1 /* SDDefines.h in Headers */ = {isa = PBXBuildFile; fileRef = 94BF879C1019656C002418F1 /* SDDefines.h */; settings = {ATTRIBUTES = (Public, ); }; };
		94BF87D81019656C002418F1 /* SDExceptionController.h in Headers */ = {isa = PBXBuildFile; fileRef = 94BF879D1019656C002418F1 /* SDExceptionController.h */; settings = {ATTRIBUTES = (Public, ); }; };
		94BF87D91019656C002418F1 /* SDExceptionController.m in Sources */ = {isa = PBXBuildFile; fileRef = 94BF879E1019656C002418F1 /* SDExceptionController.m */; };
		94BF87DA1019656C002418F1 /* SDFeedbackController.h in Headers */ = {isa = PBXBuildFile; fileRef = 94BF879F1019656C002418F1 /* SDFeedbackController.h */; settings = {ATTRIBUTES = (Public, ); }; };
		94BF87DB1019656C002418F1 /* SDFeedbackController.m in Sources */ = {isa = PBXBuildFile; fileRef = 94BF87A01019656C002418F1 /* SDFeedbackController.m */; };
		94BF87DC1019656C002418F1 /* SDFoundation.h in Headers */ = {isa = PBXBuildFile; fileRef = 94BF87A11019656C002418F1 /* SDFoundation.h */; settings = {ATTRIBUTES = (Public, ); }; };
		94BF87DD1019656C002418F1 /* SDFoundation.m in Sources */ = {isa = PBXBuildFile; fileRef = 94BF87A21019656C002418F1 /* SDFoundation.m */; };
		94BF87DE1019656C002418F1 /* SDToolkit.h in Headers */ = {isa = PBXBuildFile; fileRef = 94BF87A31019656C002418F1 /* SDToolkit.h */; settings = {ATTRIBUTES = (Public, ); }; };
		94BF87DF1019656C002418F1 /* SDInsetDividerView.h in Headers */ = {isa = PBXBuildFile; fileRef = 94BF87A41019656C002418F1 /* SDInsetDividerView.h */; settings = {ATTRIBUTES = (Public, ); }; };
		94BF87E01019656C002418F1 /* SDInsetDividerView.m in Sources */ = {isa = PBXBuildFile; fileRef = 94BF87A51019656C002418F1 /* SDInsetDividerView.m */; };
		94BF87E11019656C002418F1 /* SDInsetTextField.h in Headers */ = {isa = PBXBuildFile; fileRef = 94BF87A61019656C002418F1 /* SDInsetTextField.h */; settings = {ATTRIBUTES = (Public, ); }; };
		94BF87E21019656C002418F1 /* SDInsetTextField.m in Sources */ = {isa = PBXBuildFile; fileRef = 94BF87A71019656C002418F1 /* SDInsetTextField.m */; };
		94BF87E31019656C002418F1 /* SDInstructionsWindow.h in Headers */ = {isa = PBXBuildFile; fileRef = 94BF87A81019656C002418F1 /* SDInstructionsWindow.h */; settings = {ATTRIBUTES = (Public, ); }; };
		94BF87E41019656C002418F1 /* SDInstructionsWindow.m in Sources */ = {isa = PBXBuildFile; fileRef = 94BF87A91019656C002418F1 /* SDInstructionsWindow.m */; };
		94BF87E51019656C002418F1 /* SDInstructionsWindowController.h in Headers */ = {isa = PBXBuildFile; fileRef = 94BF87AA1019656C002418F1 /* SDInstructionsWindowController.h */; settings = {ATTRIBUTES = (Public, ); }; };
		94BF87E61019656C002418F1 /* SDInstructionsWindowController.m in Sources */ = {isa = PBXBuildFile; fileRef = 94BF87AB1019656C002418F1 /* SDInstructionsWindowController.m */; };
		94BF87E71019656C002418F1 /* SDIsNotEmptyValueTransformer.h in Headers */ = {isa = PBXBuildFile; fileRef = 94BF87AC1019656C002418F1 /* SDIsNotEmptyValueTransformer.h */; settings = {ATTRIBUTES = (Public, ); }; };
		94BF87E81019656C002418F1 /* SDIsNotEmptyValueTransformer.m in Sources */ = {isa = PBXBuildFile; fileRef = 94BF87AD1019656C002418F1 /* SDIsNotEmptyValueTransformer.m */; };
		94BF87ED1019656C002418F1 /* SDOpenAtLoginController.h in Headers */ = {isa = PBXBuildFile; fileRef = 94BF87B21019656C002418F1 /* SDOpenAtLoginController.h */; settings = {ATTRIBUTES = (Public, ); }; };
		94BF87EE1019656C002418F1 /* SDOpenAtLoginController.m in Sources */ = {isa = PBXBuildFile; fileRef = 94BF87B31019656C002418F1 /* SDOpenAtLoginController.m */; };
		94BF87EF1019656C002418F1 /* SDOpenFeedbackBridge.h in Headers */ = {isa = PBXBuildFile; fileRef = 94BF87B41019656C002418F1 /* SDOpenFeedbackBridge.h */; settings = {ATTRIBUTES = (Public, ); }; };
		94BF87F01019656C002418F1 /* SDOpenFeedbackBridge.m in Sources */ = {isa = PBXBuildFile; fileRef = 94BF87B51019656C002418F1 /* SDOpenFeedbackBridge.m */; };
		94BF87F11019656C002418F1 /* SDPreferencesController.h in Headers */ = {isa = PBXBuildFile; fileRef = 94BF87B61019656C002418F1 /* SDPreferencesController.h */; settings = {ATTRIBUTES = (Public, ); }; };
		94BF87F21019656C002418F1 /* SDPreferencesController.m in Sources */ = {isa = PBXBuildFile; fileRef = 94BF87B71019656C002418F1 /* SDPreferencesController.m */; };
		94BF87F31019656C002418F1 /* SDRoundedInstructionsImageView.h in Headers */ = {isa = PBXBuildFile; fileRef = 94BF87B81019656C002418F1 /* SDRoundedInstructionsImageView.h */; settings = {ATTRIBUTES = (Public, ); }; };
		94BF87F41019656C002418F1 /* SDRoundedInstructionsImageView.m in Sources */ = {isa = PBXBuildFile; fileRef = 94BF87B91019656C002418F1 /* SDRoundedInstructionsImageView.m */; };
		94BF87F51019656C002418F1 /* SDSingleton.h in Headers */ = {isa = PBXBuildFile; fileRef = 94BF87BA1019656C002418F1 /* SDSingleton.h */; settings = {ATTRIBUTES = (Public, ); }; };
		94BF888410196B14002418F1 /* SDWindowController.h in Headers */ = {isa = PBXBuildFile; fileRef = 94BF888210196B14002418F1 /* SDWindowController.h */; settings = {ATTRIBUTES = (Public, ); }; };
		94BF888510196B14002418F1 /* SDWindowController.m in Sources */ = {isa = PBXBuildFile; fileRef = 94BF888310196B14002418F1 /* SDWindowController.m */; };
		94BF8C5F10197CF3002418F1 /* Sparkle.framework in Frameworks */ = {isa = PBXBuildFile; fileRef = 94BF8C5E10197CF3002418F1 /* Sparkle.framework */; settings = {ATTRIBUTES = (Weak, ); }; };
/* End PBXBuildFile section */

/* Begin PBXFileReference section */
		0867D69BFE84028FC02AAC07 /* Foundation.framework */ = {isa = PBXFileReference; lastKnownFileType = wrapper.framework; name = Foundation.framework; path = /System/Library/Frameworks/Foundation.framework; sourceTree = "<absolute>"; };
		0867D6A5FE840307C02AAC07 /* AppKit.framework */ = {isa = PBXFileReference; lastKnownFileType = wrapper.framework; name = AppKit.framework; path = /System/Library/Frameworks/AppKit.framework; sourceTree = "<absolute>"; };
		1058C7B1FEA5585E11CA2CBB /* Cocoa.framework */ = {isa = PBXFileReference; lastKnownFileType = wrapper.framework; name = Cocoa.framework; path = /System/Library/Frameworks/Cocoa.framework; sourceTree = "<absolute>"; };
		32DBCF5E0370ADEE00C91783 /* SDToolkit_Prefix.pch */ = {isa = PBXFileReference; fileEncoding = 4; lastKnownFileType = sourcecode.c.h; path = SDToolkit_Prefix.pch; sourceTree = "<group>"; };
		8DC2EF5A0486A6940098B216 /* Info.plist */ = {isa = PBXFileReference; fileEncoding = 4; lastKnownFileType = text.plist.xml; path = Info.plist; sourceTree = "<group>"; };
		8DC2EF5B0486A6940098B216 /* SDToolkit.framework */ = {isa = PBXFileReference; explicitFileType = wrapper.framework; includeInIndex = 0; path = SDToolkit.framework; sourceTree = BUILT_PRODUCTS_DIR; };
		94ADA840101D3185008CC640 /* AddressBook.framework */ = {isa = PBXFileReference; lastKnownFileType = wrapper.framework; name = AddressBook.framework; path = /System/Library/Frameworks/AddressBook.framework; sourceTree = "<absolute>"; };
		94ADA841101D3185008CC640 /* ExceptionHandling.framework */ = {isa = PBXFileReference; lastKnownFileType = wrapper.framework; name = ExceptionHandling.framework; path = /System/Library/Frameworks/ExceptionHandling.framework; sourceTree = "<absolute>"; };
		94ADC08710237C83008CC640 /* SDNextRunloopProxy.h */ = {isa = PBXFileReference; fileEncoding = 4; lastKnownFileType = sourcecode.c.h; name = SDNextRunloopProxy.h; path = Source/SDNextRunloopProxy.h; sourceTree = "<group>"; };
		94ADC08810237C83008CC640 /* SDNextRunloopProxy.m */ = {isa = PBXFileReference; fileEncoding = 4; lastKnownFileType = sourcecode.c.objc; name = SDNextRunloopProxy.m; path = Source/SDNextRunloopProxy.m; sourceTree = "<group>"; };
		94BF87771019654E002418F1 /* ExceptionWindow.xib */ = {isa = PBXFileReference; lastKnownFileType = file.xib; name = ExceptionWindow.xib; path = XIBs/ExceptionWindow.xib; sourceTree = "<group>"; };
		94BF87781019654E002418F1 /* FeedbackWindow.xib */ = {isa = PBXFileReference; lastKnownFileType = file.xib; name = FeedbackWindow.xib; path = XIBs/FeedbackWindow.xib; sourceTree = "<group>"; };
		94BF87791019654E002418F1 /* InstructionsWindow.xib */ = {isa = PBXFileReference; lastKnownFileType = file.xib; name = InstructionsWindow.xib; path = XIBs/InstructionsWindow.xib; sourceTree = "<group>"; };
		94BF877B1019654E002418F1 /* PreferencesWindow.xib */ = {isa = PBXFileReference; lastKnownFileType = file.xib; name = PreferencesWindow.xib; path = XIBs/PreferencesWindow.xib; sourceTree = "<group>"; };
		94BF87881019656C002418F1 /* NSApplication+AppInfo.h */ = {isa = PBXFileReference; fileEncoding = 4; lastKnownFileType = sourcecode.c.h; name = "NSApplication+AppInfo.h"; path = "Source/NSApplication+AppInfo.h"; sourceTree = "<group>"; };
		94BF87891019656C002418F1 /* NSApplication+AppInfo.m */ = {isa = PBXFileReference; fileEncoding = 4; lastKnownFileType = sourcecode.c.objc; name = "NSApplication+AppInfo.m"; path = "Source/NSApplication+AppInfo.m"; sourceTree = "<group>"; };
		94BF878A1019656C002418F1 /* NSArray+UsefulStuff.h */ = {isa = PBXFileReference; fileEncoding = 4; lastKnownFileType = sourcecode.c.h; name = "NSArray+UsefulStuff.h"; path = "Source/NSArray+UsefulStuff.h"; sourceTree = "<group>"; };
		94BF878B1019656C002418F1 /* NSArray+UsefulStuff.m */ = {isa = PBXFileReference; fileEncoding = 4; lastKnownFileType = sourcecode.c.objc; name = "NSArray+UsefulStuff.m"; path = "Source/NSArray+UsefulStuff.m"; sourceTree = "<group>"; };
		94BF878C1019656C002418F1 /* NSManagedObject+SDAdditions.h */ = {isa = PBXFileReference; fileEncoding = 4; lastKnownFileType = sourcecode.c.h; name = "NSManagedObject+SDAdditions.h"; path = "Source/NSManagedObject+SDAdditions.h"; sourceTree = "<group>"; };
		94BF878D1019656C002418F1 /* NSManagedObject+SDAdditions.m */ = {isa = PBXFileReference; fileEncoding = 4; lastKnownFileType = sourcecode.c.objc; name = "NSManagedObject+SDAdditions.m"; path = "Source/NSManagedObject+SDAdditions.m"; sourceTree = "<group>"; };
		94BF878E1019656C002418F1 /* NSString+PathAdditions.h */ = {isa = PBXFileReference; fileEncoding = 4; lastKnownFileType = sourcecode.c.h; name = "NSString+PathAdditions.h"; path = "Source/NSString+PathAdditions.h"; sourceTree = "<group>"; };
		94BF878F1019656C002418F1 /* NSString+PathAdditions.m */ = {isa = PBXFileReference; fileEncoding = 4; lastKnownFileType = sourcecode.c.objc; name = "NSString+PathAdditions.m"; path = "Source/NSString+PathAdditions.m"; sourceTree = "<group>"; };
		94BF87901019656C002418F1 /* NSString+URLAdditions.h */ = {isa = PBXFileReference; fileEncoding = 4; lastKnownFileType = sourcecode.c.h; name = "NSString+URLAdditions.h"; path = "Source/NSString+URLAdditions.h"; sourceTree = "<group>"; };
		94BF87911019656C002418F1 /* NSString+URLAdditions.m */ = {isa = PBXFileReference; fileEncoding = 4; lastKnownFileType = sourcecode.c.objc; name = "NSString+URLAdditions.m"; path = "Source/NSString+URLAdditions.m"; sourceTree = "<group>"; };
		94BF87921019656C002418F1 /* NSString+UUID.h */ = {isa = PBXFileReference; fileEncoding = 4; lastKnownFileType = sourcecode.c.h; name = "NSString+UUID.h"; path = "Source/NSString+UUID.h"; sourceTree = "<group>"; };
		94BF87931019656C002418F1 /* NSString+UUID.m */ = {isa = PBXFileReference; fileEncoding = 4; lastKnownFileType = sourcecode.c.objc; name = "NSString+UUID.m"; path = "Source/NSString+UUID.m"; sourceTree = "<group>"; };
		94BF87941019656C002418F1 /* NSWindow+Geometry.h */ = {isa = PBXFileReference; fileEncoding = 4; lastKnownFileType = sourcecode.c.h; name = "NSWindow+Geometry.h"; path = "Source/NSWindow+Geometry.h"; sourceTree = "<group>"; };
		94BF87951019656C002418F1 /* NSWindow+Geometry.m */ = {isa = PBXFileReference; fileEncoding = 4; lastKnownFileType = sourcecode.c.objc; name = "NSWindow+Geometry.m"; path = "Source/NSWindow+Geometry.m"; sourceTree = "<group>"; };
		94BF87961019656C002418F1 /* NSWorkspace+SystemInfo.h */ = {isa = PBXFileReference; fileEncoding = 4; lastKnownFileType = sourcecode.c.h; name = "NSWorkspace+SystemInfo.h"; path = "Source/NSWorkspace+SystemInfo.h"; sourceTree = "<group>"; };
		94BF87971019656C002418F1 /* NSWorkspace+SystemInfo.m */ = {isa = PBXFileReference; fileEncoding = 4; lastKnownFileType = sourcecode.c.objc; name = "NSWorkspace+SystemInfo.m"; path = "Source/NSWorkspace+SystemInfo.m"; sourceTree = "<group>"; };
		94BF879A1019656C002418F1 /* SDCommonAppDelegate.h */ = {isa = PBXFileReference; fileEncoding = 4; lastKnownFileType = sourcecode.c.h; name = SDCommonAppDelegate.h; path = Source/SDCommonAppDelegate.h; sourceTree = "<group>"; };
		94BF879B1019656C002418F1 /* SDCommonAppDelegate.m */ = {isa = PBXFileReference; fileEncoding = 4; lastKnownFileType = sourcecode.c.objc; name = SDCommonAppDelegate.m; path = Source/SDCommonAppDelegate.m; sourceTree = "<group>"; };
		94BF879C1019656C002418F1 /* SDDefines.h */ = {isa = PBXFileReference; fileEncoding = 4; lastKnownFileType = sourcecode.c.h; name = SDDefines.h; path = Source/SDDefines.h; sourceTree = "<group>"; };
		94BF879D1019656C002418F1 /* SDExceptionController.h */ = {isa = PBXFileReference; fileEncoding = 4; lastKnownFileType = sourcecode.c.h; name = SDExceptionController.h; path = Source/SDExceptionController.h; sourceTree = "<group>"; };
		94BF879E1019656C002418F1 /* SDExceptionController.m */ = {isa = PBXFileReference; fileEncoding = 4; lastKnownFileType = sourcecode.c.objc; name = SDExceptionController.m; path = Source/SDExceptionController.m; sourceTree = "<group>"; };
		94BF879F1019656C002418F1 /* SDFeedbackController.h */ = {isa = PBXFileReference; fileEncoding = 4; lastKnownFileType = sourcecode.c.h; name = SDFeedbackController.h; path = Source/SDFeedbackController.h; sourceTree = "<group>"; };
		94BF87A01019656C002418F1 /* SDFeedbackController.m */ = {isa = PBXFileReference; fileEncoding = 4; lastKnownFileType = sourcecode.c.objc; name = SDFeedbackController.m; path = Source/SDFeedbackController.m; sourceTree = "<group>"; };
		94BF87A11019656C002418F1 /* SDFoundation.h */ = {isa = PBXFileReference; fileEncoding = 4; lastKnownFileType = sourcecode.c.h; name = SDFoundation.h; path = Source/SDFoundation.h; sourceTree = "<group>"; };
		94BF87A21019656C002418F1 /* SDFoundation.m */ = {isa = PBXFileReference; fileEncoding = 4; lastKnownFileType = sourcecode.c.objc; name = SDFoundation.m; path = Source/SDFoundation.m; sourceTree = "<group>"; };
		94BF87A31019656C002418F1 /* SDToolkit.h */ = {isa = PBXFileReference; fileEncoding = 4; lastKnownFileType = sourcecode.c.h; name = SDToolkit.h; path = Source/SDToolkit.h; sourceTree = "<group>"; };
		94BF87A41019656C002418F1 /* SDInsetDividerView.h */ = {isa = PBXFileReference; fileEncoding = 4; lastKnownFileType = sourcecode.c.h; name = SDInsetDividerView.h; path = Source/SDInsetDividerView.h; sourceTree = "<group>"; };
		94BF87A51019656C002418F1 /* SDInsetDividerView.m */ = {isa = PBXFileReference; fileEncoding = 4; lastKnownFileType = sourcecode.c.objc; name = SDInsetDividerView.m; path = Source/SDInsetDividerView.m; sourceTree = "<group>"; };
		94BF87A61019656C002418F1 /* SDInsetTextField.h */ = {isa = PBXFileReference; fileEncoding = 4; lastKnownFileType = sourcecode.c.h; name = SDInsetTextField.h; path = Source/SDInsetTextField.h; sourceTree = "<group>"; };
		94BF87A71019656C002418F1 /* SDInsetTextField.m */ = {isa = PBXFileReference; fileEncoding = 4; lastKnownFileType = sourcecode.c.objc; name = SDInsetTextField.m; path = Source/SDInsetTextField.m; sourceTree = "<group>"; };
		94BF87A81019656C002418F1 /* SDInstructionsWindow.h */ = {isa = PBXFileReference; fileEncoding = 4; lastKnownFileType = sourcecode.c.h; name = SDInstructionsWindow.h; path = Source/SDInstructionsWindow.h; sourceTree = "<group>"; };
		94BF87A91019656C002418F1 /* SDInstructionsWindow.m */ = {isa = PBXFileReference; fileEncoding = 4; lastKnownFileType = sourcecode.c.objc; name = SDInstructionsWindow.m; path = Source/SDInstructionsWindow.m; sourceTree = "<group>"; };
		94BF87AA1019656C002418F1 /* SDInstructionsWindowController.h */ = {isa = PBXFileReference; fileEncoding = 4; lastKnownFileType = sourcecode.c.h; name = SDInstructionsWindowController.h; path = Source/SDInstructionsWindowController.h; sourceTree = "<group>"; };
		94BF87AB1019656C002418F1 /* SDInstructionsWindowController.m */ = {isa = PBXFileReference; fileEncoding = 4; lastKnownFileType = sourcecode.c.objc; name = SDInstructionsWindowController.m; path = Source/SDInstructionsWindowController.m; sourceTree = "<group>"; };
		94BF87AC1019656C002418F1 /* SDIsNotEmptyValueTransformer.h */ = {isa = PBXFileReference; fileEncoding = 4; lastKnownFileType = sourcecode.c.h; name = SDIsNotEmptyValueTransformer.h; path = Source/SDIsNotEmptyValueTransformer.h; sourceTree = "<group>"; };
		94BF87AD1019656C002418F1 /* SDIsNotEmptyValueTransformer.m */ = {isa = PBXFileReference; fileEncoding = 4; lastKnownFileType = sourcecode.c.objc; name = SDIsNotEmptyValueTransformer.m; path = Source/SDIsNotEmptyValueTransformer.m; sourceTree = "<group>"; };
		94BF87B21019656C002418F1 /* SDOpenAtLoginController.h */ = {isa = PBXFileReference; fileEncoding = 4; lastKnownFileType = sourcecode.c.h; name = SDOpenAtLoginController.h; path = Source/SDOpenAtLoginController.h; sourceTree = "<group>"; };
		94BF87B31019656C002418F1 /* SDOpenAtLoginController.m */ = {isa = PBXFileReference; fileEncoding = 4; lastKnownFileType = sourcecode.c.objc; name = SDOpenAtLoginController.m; path = Source/SDOpenAtLoginController.m; sourceTree = "<group>"; };
		94BF87B41019656C002418F1 /* SDOpenFeedbackBridge.h */ = {isa = PBXFileReference; fileEncoding = 4; lastKnownFileType = sourcecode.c.h; name = SDOpenFeedbackBridge.h; path = Source/SDOpenFeedbackBridge.h; sourceTree = "<group>"; };
		94BF87B51019656C002418F1 /* SDOpenFeedbackBridge.m */ = {isa = PBXFileReference; fileEncoding = 4; lastKnownFileType = sourcecode.c.objc; name = SDOpenFeedbackBridge.m; path = Source/SDOpenFeedbackBridge.m; sourceTree = "<group>"; };
		94BF87B61019656C002418F1 /* SDPreferencesController.h */ = {isa = PBXFileReference; fileEncoding = 4; lastKnownFileType = sourcecode.c.h; name = SDPreferencesController.h; path = Source/SDPreferencesController.h; sourceTree = "<group>"; };
		94BF87B71019656C002418F1 /* SDPreferencesController.m */ = {isa = PBXFileReference; fileEncoding = 4; lastKnownFileType = sourcecode.c.objc; name = SDPreferencesController.m; path = Source/SDPreferencesController.m; sourceTree = "<group>"; };
		94BF87B81019656C002418F1 /* SDRoundedInstructionsImageView.h */ = {isa = PBXFileReference; fileEncoding = 4; lastKnownFileType = sourcecode.c.h; name = SDRoundedInstructionsImageView.h; path = Source/SDRoundedInstructionsImageView.h; sourceTree = "<group>"; };
		94BF87B91019656C002418F1 /* SDRoundedInstructionsImageView.m */ = {isa = PBXFileReference; fileEncoding = 4; lastKnownFileType = sourcecode.c.objc; name = SDRoundedInstructionsImageView.m; path = Source/SDRoundedInstructionsImageView.m; sourceTree = "<group>"; };
		94BF87BA1019656C002418F1 /* SDSingleton.h */ = {isa = PBXFileReference; fileEncoding = 4; lastKnownFileType = sourcecode.c.h; name = SDSingleton.h; path = Source/SDSingleton.h; sourceTree = "<group>"; };
		94BF888210196B14002418F1 /* SDWindowController.h */ = {isa = PBXFileReference; fileEncoding = 4; lastKnownFileType = sourcecode.c.h; name = SDWindowController.h; path = Source/SDWindowController.h; sourceTree = "<group>"; };
		94BF888310196B14002418F1 /* SDWindowController.m */ = {isa = PBXFileReference; fileEncoding = 4; lastKnownFileType = sourcecode.c.objc; name = SDWindowController.m; path = Source/SDWindowController.m; sourceTree = "<group>"; };
		94BF8C5E10197CF3002418F1 /* Sparkle.framework */ = {isa = PBXFileReference; lastKnownFileType = wrapper.framework; name = Sparkle.framework; path = Frameworks/Sparkle.framework; sourceTree = "<group>"; };
		D2F7E79907B2D74100F64583 /* CoreData.framework */ = {isa = PBXFileReference; lastKnownFileType = wrapper.framework; name = CoreData.framework; path = /System/Library/Frameworks/CoreData.framework; sourceTree = "<absolute>"; };
/* End PBXFileReference section */

/* Begin PBXFrameworksBuildPhase section */
		8DC2EF560486A6940098B216 /* Frameworks */ = {
			isa = PBXFrameworksBuildPhase;
			buildActionMask = 2147483647;
			files = (
				8DC2EF570486A6940098B216 /* Cocoa.framework in Frameworks */,
				94BF8C5F10197CF3002418F1 /* Sparkle.framework in Frameworks */,
				94ADA842101D3185008CC640 /* AddressBook.framework in Frameworks */,
				94ADA843101D3185008CC640 /* ExceptionHandling.framework in Frameworks */,
			);
			runOnlyForDeploymentPostprocessing = 0;
		};
/* End PBXFrameworksBuildPhase section */

/* Begin PBXGroup section */
		034768DFFF38A50411DB9C8B /* Products */ = {
			isa = PBXGroup;
			children = (
				8DC2EF5B0486A6940098B216 /* SDToolkit.framework */,
			);
			name = Products;
			sourceTree = "<group>";
		};
		0867D691FE84028FC02AAC07 /* SDToolkit */ = {
			isa = PBXGroup;
			children = (
				08FB77AEFE84172EC02AAC07 /* Classes */,
				32C88DFF0371C24200C91783 /* Other Sources */,
				089C1665FE841158C02AAC07 /* Resources */,
				0867D69AFE84028FC02AAC07 /* External Frameworks and Libraries */,
				034768DFFF38A50411DB9C8B /* Products */,
			);
			name = SDToolkit;
			sourceTree = "<group>";
		};
		0867D69AFE84028FC02AAC07 /* External Frameworks and Libraries */ = {
			isa = PBXGroup;
			children = (
				1058C7B0FEA5585E11CA2CBB /* Linked Frameworks */,
				1058C7B2FEA5585E11CA2CBB /* Other Frameworks */,
			);
			name = "External Frameworks and Libraries";
			sourceTree = "<group>";
		};
		089C1665FE841158C02AAC07 /* Resources */ = {
			isa = PBXGroup;
			children = (
				8DC2EF5A0486A6940098B216 /* Info.plist */,
				94BF878410196554002418F1 /* XIBs */,
			);
			name = Resources;
			sourceTree = "<group>";
		};
		08FB77AEFE84172EC02AAC07 /* Classes */ = {
			isa = PBXGroup;
			children = (
				94BF879A1019656C002418F1 /* SDCommonAppDelegate.h */,
				94BF879B1019656C002418F1 /* SDCommonAppDelegate.m */,
				94BF888210196B14002418F1 /* SDWindowController.h */,
				94BF888310196B14002418F1 /* SDWindowController.m */,
				94BF87A31019656C002418F1 /* SDToolkit.h */,
				94BF87BA1019656C002418F1 /* SDSingleton.h */,
				94BF879C1019656C002418F1 /* SDDefines.h */,
				94BF87FC10196580002418F1 /* Categories */,
				94BF884A101967BD002418F1 /* Value Transformers */,
				94BF880910196774002418F1 /* Instruction Window */,
				94BF8808101966F4002418F1 /* Common Views */,
				94BF88041019663E002418F1 /* OpenFeedback Bridge */,
				94BF880310196625002418F1 /* Feedback */,
				94BF880210196609002418F1 /* Exception Handling */,
				94BF8801101965F1002418F1 /* Preferences */,
				94BF87FF101965A9002418F1 /* Open at Login */,
			);
			name = Classes;
			sourceTree = "<group>";
		};
		1058C7B0FEA5585E11CA2CBB /* Linked Frameworks */ = {
			isa = PBXGroup;
			children = (
				94ADA840101D3185008CC640 /* AddressBook.framework */,
				94ADA841101D3185008CC640 /* ExceptionHandling.framework */,
				94BF8C5E10197CF3002418F1 /* Sparkle.framework */,
				1058C7B1FEA5585E11CA2CBB /* Cocoa.framework */,
			);
			name = "Linked Frameworks";
			sourceTree = "<group>";
		};
		1058C7B2FEA5585E11CA2CBB /* Other Frameworks */ = {
			isa = PBXGroup;
			children = (
				0867D6A5FE840307C02AAC07 /* AppKit.framework */,
				D2F7E79907B2D74100F64583 /* CoreData.framework */,
				0867D69BFE84028FC02AAC07 /* Foundation.framework */,
			);
			name = "Other Frameworks";
			sourceTree = "<group>";
		};
		32C88DFF0371C24200C91783 /* Other Sources */ = {
			isa = PBXGroup;
			children = (
				32DBCF5E0370ADEE00C91783 /* SDToolkit_Prefix.pch */,
			);
			name = "Other Sources";
			sourceTree = "<group>";
		};
		94BF878410196554002418F1 /* XIBs */ = {
			isa = PBXGroup;
			children = (
				94BF87771019654E002418F1 /* ExceptionWindow.xib */,
				94BF87781019654E002418F1 /* FeedbackWindow.xib */,
				94BF87791019654E002418F1 /* InstructionsWindow.xib */,
				94BF877B1019654E002418F1 /* PreferencesWindow.xib */,
			);
			name = XIBs;
			sourceTree = "<group>";
		};
		94BF87FC10196580002418F1 /* Categories */ = {
			isa = PBXGroup;
			children = (
				94ADC08710237C83008CC640 /* SDNextRunloopProxy.h */,
				94ADC08810237C83008CC640 /* SDNextRunloopProxy.m */,
				94BF87A11019656C002418F1 /* SDFoundation.h */,
				94BF87A21019656C002418F1 /* SDFoundation.m */,
				94BF87941019656C002418F1 /* NSWindow+Geometry.h */,
				94BF87951019656C002418F1 /* NSWindow+Geometry.m */,
				94BF87921019656C002418F1 /* NSString+UUID.h */,
				94BF87931019656C002418F1 /* NSString+UUID.m */,
				94BF87881019656C002418F1 /* NSApplication+AppInfo.h */,
				94BF87891019656C002418F1 /* NSApplication+AppInfo.m */,
				94BF87961019656C002418F1 /* NSWorkspace+SystemInfo.h */,
				94BF87971019656C002418F1 /* NSWorkspace+SystemInfo.m */,
				94BF878A1019656C002418F1 /* NSArray+UsefulStuff.h */,
				94BF878B1019656C002418F1 /* NSArray+UsefulStuff.m */,
				94BF878E1019656C002418F1 /* NSString+PathAdditions.h */,
				94BF878F1019656C002418F1 /* NSString+PathAdditions.m */,
				94BF87901019656C002418F1 /* NSString+URLAdditions.h */,
				94BF87911019656C002418F1 /* NSString+URLAdditions.m */,
				94BF878C1019656C002418F1 /* NSManagedObject+SDAdditions.h */,
				94BF878D1019656C002418F1 /* NSManagedObject+SDAdditions.m */,
			);
			name = Categories;
			sourceTree = "<group>";
		};
		94BF87FF101965A9002418F1 /* Open at Login */ = {
			isa = PBXGroup;
			children = (
				94BF87B21019656C002418F1 /* SDOpenAtLoginController.h */,
				94BF87B31019656C002418F1 /* SDOpenAtLoginController.m */,
			);
			name = "Open at Login";
			sourceTree = "<group>";
		};
		94BF8801101965F1002418F1 /* Preferences */ = {
			isa = PBXGroup;
			children = (
				94BF87B61019656C002418F1 /* SDPreferencesController.h */,
				94BF87B71019656C002418F1 /* SDPreferencesController.m */,
			);
			name = Preferences;
			sourceTree = "<group>";
		};
		94BF880210196609002418F1 /* Exception Handling */ = {
			isa = PBXGroup;
			children = (
				94BF879D1019656C002418F1 /* SDExceptionController.h */,
				94BF879E1019656C002418F1 /* SDExceptionController.m */,
			);
			name = "Exception Handling";
			sourceTree = "<group>";
		};
		94BF880310196625002418F1 /* Feedback */ = {
			isa = PBXGroup;
			children = (
				94BF879F1019656C002418F1 /* SDFeedbackController.h */,
				94BF87A01019656C002418F1 /* SDFeedbackController.m */,
			);
			name = Feedback;
			sourceTree = "<group>";
		};
		94BF88041019663E002418F1 /* OpenFeedback Bridge */ = {
			isa = PBXGroup;
			children = (
				94BF87B41019656C002418F1 /* SDOpenFeedbackBridge.h */,
				94BF87B51019656C002418F1 /* SDOpenFeedbackBridge.m */,
			);
			name = "OpenFeedback Bridge";
			sourceTree = "<group>";
		};
		94BF8808101966F4002418F1 /* Common Views */ = {
			isa = PBXGroup;
			children = (
				94BF87A41019656C002418F1 /* SDInsetDividerView.h */,
				94BF87A51019656C002418F1 /* SDInsetDividerView.m */,
				94BF87A61019656C002418F1 /* SDInsetTextField.h */,
				94BF87A71019656C002418F1 /* SDInsetTextField.m */,
			);
			name = "Common Views";
			sourceTree = "<group>";
		};
		94BF880910196774002418F1 /* Instruction Window */ = {
			isa = PBXGroup;
			children = (
				94BF87AA1019656C002418F1 /* SDInstructionsWindowController.h */,
				94BF87AB1019656C002418F1 /* SDInstructionsWindowController.m */,
				94BF87A81019656C002418F1 /* SDInstructionsWindow.h */,
				94BF87A91019656C002418F1 /* SDInstructionsWindow.m */,
				94BF87B81019656C002418F1 /* SDRoundedInstructionsImageView.h */,
				94BF87B91019656C002418F1 /* SDRoundedInstructionsImageView.m */,
			);
			name = "Instruction Window";
			sourceTree = "<group>";
		};
		94BF884A101967BD002418F1 /* Value Transformers */ = {
			isa = PBXGroup;
			children = (
				94BF87AC1019656C002418F1 /* SDIsNotEmptyValueTransformer.h */,
				94BF87AD1019656C002418F1 /* SDIsNotEmptyValueTransformer.m */,
			);
			name = "Value Transformers";
			sourceTree = "<group>";
		};
/* End PBXGroup section */

/* Begin PBXHeadersBuildPhase section */
		8DC2EF500486A6940098B216 /* Headers */ = {
			isa = PBXHeadersBuildPhase;
			buildActionMask = 2147483647;
			files = (
				94BF87C31019656C002418F1 /* NSApplication+AppInfo.h in Headers */,
				94BF87C51019656C002418F1 /* NSArray+UsefulStuff.h in Headers */,
				94BF87C71019656C002418F1 /* NSManagedObject+SDAdditions.h in Headers */,
				94BF87C91019656C002418F1 /* NSString+PathAdditions.h in Headers */,
				94BF87CB1019656C002418F1 /* NSString+URLAdditions.h in Headers */,
				94BF87CD1019656C002418F1 /* NSString+UUID.h in Headers */,
				94BF87CF1019656C002418F1 /* NSWindow+Geometry.h in Headers */,
				94BF87D11019656C002418F1 /* NSWorkspace+SystemInfo.h in Headers */,
				94BF87D51019656C002418F1 /* SDCommonAppDelegate.h in Headers */,
				94BF87D71019656C002418F1 /* SDDefines.h in Headers */,
				94BF87D81019656C002418F1 /* SDExceptionController.h in Headers */,
				94BF87DA1019656C002418F1 /* SDFeedbackController.h in Headers */,
				94BF87DC1019656C002418F1 /* SDFoundation.h in Headers */,
				94BF87DE1019656C002418F1 /* SDToolkit.h in Headers */,
				94BF87DF1019656C002418F1 /* SDInsetDividerView.h in Headers */,
				94BF87E11019656C002418F1 /* SDInsetTextField.h in Headers */,
				94BF87E31019656C002418F1 /* SDInstructionsWindow.h in Headers */,
				94BF87E51019656C002418F1 /* SDInstructionsWindowController.h in Headers */,
				94BF87E71019656C002418F1 /* SDIsNotEmptyValueTransformer.h in Headers */,
				94BF87ED1019656C002418F1 /* SDOpenAtLoginController.h in Headers */,
				94BF87EF1019656C002418F1 /* SDOpenFeedbackBridge.h in Headers */,
				94BF87F11019656C002418F1 /* SDPreferencesController.h in Headers */,
				94BF87F31019656C002418F1 /* SDRoundedInstructionsImageView.h in Headers */,
				94BF87F51019656C002418F1 /* SDSingleton.h in Headers */,
				94BF888410196B14002418F1 /* SDWindowController.h in Headers */,
				94ADC08910237C83008CC640 /* SDNextRunloopProxy.h in Headers */,
			);
			runOnlyForDeploymentPostprocessing = 0;
		};
/* End PBXHeadersBuildPhase section */

/* Begin PBXNativeTarget section */
		8DC2EF4F0486A6940098B216 /* SDToolkit */ = {
			isa = PBXNativeTarget;
			buildConfigurationList = 1DEB91AD08733DA50010E9CD /* Build configuration list for PBXNativeTarget "SDToolkit" */;
			buildPhases = (
				8DC2EF500486A6940098B216 /* Headers */,
				8DC2EF520486A6940098B216 /* Resources */,
				8DC2EF540486A6940098B216 /* Sources */,
				8DC2EF560486A6940098B216 /* Frameworks */,
			);
			buildRules = (
			);
			dependencies = (
			);
			name = SDToolkit;
			productInstallPath = "$(HOME)/Library/Frameworks";
			productName = SDToolkit;
			productReference = 8DC2EF5B0486A6940098B216 /* SDToolkit.framework */;
			productType = "com.apple.product-type.framework";
		};
/* End PBXNativeTarget section */

/* Begin PBXProject section */
		0867D690FE84028FC02AAC07 /* Project object */ = {
			isa = PBXProject;
			buildConfigurationList = 1DEB91B108733DA50010E9CD /* Build configuration list for PBXProject "SDToolkit" */;
			compatibilityVersion = "Xcode 3.1";
			developmentRegion = English;
			hasScannedForEncodings = 1;
			knownRegions = (
				English,
				Japanese,
				French,
				German,
			);
			mainGroup = 0867D691FE84028FC02AAC07 /* SDToolkit */;
			productRefGroup = 034768DFFF38A50411DB9C8B /* Products */;
			projectDirPath = "";
			projectRoot = "";
			targets = (
				8DC2EF4F0486A6940098B216 /* SDToolkit */,
			);
		};
/* End PBXProject section */

/* Begin PBXResourcesBuildPhase section */
		8DC2EF520486A6940098B216 /* Resources */ = {
			isa = PBXResourcesBuildPhase;
			buildActionMask = 2147483647;
			files = (
				94BF877E1019654E002418F1 /* ExceptionWindow.xib in Resources */,
				94BF877F1019654E002418F1 /* FeedbackWindow.xib in Resources */,
				94BF87801019654E002418F1 /* InstructionsWindow.xib in Resources */,
				94BF87821019654E002418F1 /* PreferencesWindow.xib in Resources */,
			);
			runOnlyForDeploymentPostprocessing = 0;
		};
/* End PBXResourcesBuildPhase section */

/* Begin PBXSourcesBuildPhase section */
		8DC2EF540486A6940098B216 /* Sources */ = {
			isa = PBXSourcesBuildPhase;
			buildActionMask = 2147483647;
			files = (
				94BF87C41019656C002418F1 /* NSApplication+AppInfo.m in Sources */,
				94BF87C61019656C002418F1 /* NSArray+UsefulStuff.m in Sources */,
				94BF87C81019656C002418F1 /* NSManagedObject+SDAdditions.m in Sources */,
				94BF87CA1019656C002418F1 /* NSString+PathAdditions.m in Sources */,
				94BF87CC1019656C002418F1 /* NSString+URLAdditions.m in Sources */,
				94BF87CE1019656C002418F1 /* NSString+UUID.m in Sources */,
				94BF87D01019656C002418F1 /* NSWindow+Geometry.m in Sources */,
				94BF87D21019656C002418F1 /* NSWorkspace+SystemInfo.m in Sources */,
				94BF87D61019656C002418F1 /* SDCommonAppDelegate.m in Sources */,
				94BF87D91019656C002418F1 /* SDExceptionController.m in Sources */,
				94BF87DB1019656C002418F1 /* SDFeedbackController.m in Sources */,
				94BF87DD1019656C002418F1 /* SDFoundation.m in Sources */,
				94BF87E01019656C002418F1 /* SDInsetDividerView.m in Sources */,
				94BF87E21019656C002418F1 /* SDInsetTextField.m in Sources */,
				94BF87E41019656C002418F1 /* SDInstructionsWindow.m in Sources */,
				94BF87E61019656C002418F1 /* SDInstructionsWindowController.m in Sources */,
				94BF87E81019656C002418F1 /* SDIsNotEmptyValueTransformer.m in Sources */,
				94BF87EE1019656C002418F1 /* SDOpenAtLoginController.m in Sources */,
				94BF87F01019656C002418F1 /* SDOpenFeedbackBridge.m in Sources */,
				94BF87F21019656C002418F1 /* SDPreferencesController.m in Sources */,
				94BF87F41019656C002418F1 /* SDRoundedInstructionsImageView.m in Sources */,
				94BF888510196B14002418F1 /* SDWindowController.m in Sources */,
				94ADC08A10237C83008CC640 /* SDNextRunloopProxy.m in Sources */,
			);
			runOnlyForDeploymentPostprocessing = 0;
		};
/* End PBXSourcesBuildPhase section */

/* Begin XCBuildConfiguration section */
		1DEB91AE08733DA50010E9CD /* Debug */ = {
			isa = XCBuildConfiguration;
			buildSettings = {
				ALWAYS_SEARCH_USER_PATHS = NO;
				COPY_PHASE_STRIP = NO;
				DYLIB_COMPATIBILITY_VERSION = 1;
				DYLIB_CURRENT_VERSION = 1;
				FRAMEWORK_SEARCH_PATHS = (
					"$(inherited)",
					"\"$(SRCROOT)/Frameworks\"",
				);
				FRAMEWORK_VERSION = A;
				GCC_DYNAMIC_NO_PIC = NO;
				GCC_ENABLE_FIX_AND_CONTINUE = YES;
				GCC_MODEL_TUNING = G5;
				GCC_OPTIMIZATION_LEVEL = 0;
				GCC_PRECOMPILE_PREFIX_HEADER = YES;
				GCC_PREFIX_HEADER = SDToolkit_Prefix.pch;
				INFOPLIST_FILE = Info.plist;
				INSTALL_PATH = "@loader_path/../Frameworks";
				LIBRARY_SEARCH_PATHS = (
					"$(inherited)",
					"\"$(SRCROOT)/Resources\"",
				);
				PRODUCT_NAME = SDToolkit;
				WRAPPER_EXTENSION = framework;
			};
			name = Debug;
		};
		1DEB91AF08733DA50010E9CD /* Release */ = {
			isa = XCBuildConfiguration;
			buildSettings = {
				ALWAYS_SEARCH_USER_PATHS = NO;
				DEBUG_INFORMATION_FORMAT = "dwarf-with-dsym";
				DYLIB_COMPATIBILITY_VERSION = 1;
				DYLIB_CURRENT_VERSION = 1;
				FRAMEWORK_SEARCH_PATHS = (
					"$(inherited)",
					"\"$(SRCROOT)/Frameworks\"",
				);
				FRAMEWORK_VERSION = A;
				GCC_MODEL_TUNING = G5;
				GCC_PRECOMPILE_PREFIX_HEADER = YES;
				GCC_PREFIX_HEADER = SDToolkit_Prefix.pch;
				INFOPLIST_FILE = Info.plist;
				INSTALL_PATH = "@loader_path/../Frameworks";
				LIBRARY_SEARCH_PATHS = (
					"$(inherited)",
					"\"$(SRCROOT)/Resources\"",
				);
				PRODUCT_NAME = SDToolkit;
				WRAPPER_EXTENSION = framework;
			};
			name = Release;
		};
		1DEB91B208733DA50010E9CD /* Debug */ = {
			isa = XCBuildConfiguration;
			buildSettings = {
				ARCHS = "$(NATIVE_ARCH_ACTUAL)";
				GCC_C_LANGUAGE_STANDARD = c99;
				GCC_OPTIMIZATION_LEVEL = 0;
				GCC_WARN_ABOUT_RETURN_TYPE = YES;
				GCC_WARN_UNUSED_VARIABLE = YES;
				ONLY_ACTIVE_ARCH = YES;
				PREBINDING = NO;
				SDKROOT = macosx10.5;
			};
			name = Debug;
		};
		1DEB91B308733DA50010E9CD /* Release */ = {
			isa = XCBuildConfiguration;
			buildSettings = {
				ARCHS = "$(ARCHS_STANDARD_32_64_BIT)";
				GCC_C_LANGUAGE_STANDARD = c99;
				GCC_WARN_ABOUT_RETURN_TYPE = YES;
				GCC_WARN_UNUSED_VARIABLE = YES;
				PREBINDING = NO;
				SDKROOT = macosx10.5;
			};
			name = Release;
		};
/* End XCBuildConfiguration section */

/* Begin XCConfigurationList section */
		1DEB91AD08733DA50010E9CD /* Build configuration list for PBXNativeTarget "SDToolkit" */ = {
			isa = XCConfigurationList;
			buildConfigurations = (
				1DEB91AE08733DA50010E9CD /* Debug */,
				1DEB91AF08733DA50010E9CD /* Release */,
			);
			defaultConfigurationIsVisible = 0;
			defaultConfigurationName = Release;
		};
		1DEB91B108733DA50010E9CD /* Build configuration list for PBXProject "SDToolkit" */ = {
			isa = XCConfigurationList;
			buildConfigurations = (
				1DEB91B208733DA50010E9CD /* Debug */,
				1DEB91B308733DA50010E9CD /* Release */,
			);
			defaultConfigurationIsVisible = 0;
			defaultConfigurationName = Release;
		};
/* End XCConfigurationList section */
	};
	rootObject = 0867D690FE84028FC02AAC07 /* Project object */;
}
